
Microsoft Visual Studio Solution File, Format Version 12.00
# Visual Studio Version 17
VisualStudioVersion = 17.12.35209.166
MinimumVisualStudioVersion = 10.0.40219.1
Project("{FAE04EC0-301F-11D3-BF4B-00C04F79EFBC}") = "PgAdminOrShell", "PgAdminOrShell\PgAdminOrShell.csproj", "{21584012-9172-4B1E-AEFB-5C97A5CD4742}"
EndProject
Global
	GlobalSection(SolutionConfigurationPlatforms) = preSolution
		Debug|Any CPU = Debug|Any CPU
		Release|Any CPU = Release|Any CPU
	EndGlobalSection
	GlobalSection(ProjectConfigurationPlatforms) = postSolution
		{21584012-9172-4B1E-AEFB-5C97A5CD4742}.Debug|Any CPU.ActiveCfg = Debug|Any CPU
		{21584012-9172-4B1E-AEFB-5C97A5CD4742}.Debug|Any CPU.Build.0 = Debug|Any CPU
		{21584012-9172-4B1E-AEFB-5C97A5CD4742}.Release|Any CPU.ActiveCfg = Release|Any CPU
		{21584012-9172-4B1E-AEFB-5C97A5CD4742}.Release|Any CPU.Build.0 = Release|Any CPU
	EndGlobalSection
	GlobalSection(SolutionProperties) = preSolution
		HideSolutionNode = FALSE
	EndGlobalSection
	GlobalSection(ExtensibilityGlobals) = postSolution
		SolutionGuid = {DA8393F1-79EC-4428-835D-2C7DAF903660}
	EndGlobalSection
EndGlobal
